
Microsoft Visual Studio Solution File, Format Version 12.00
# Visual Studio Version 16
VisualStudioVersion = 16.0.29215.179
MinimumVisualStudioVersion = 10.0.40219.1
Project("{FAE04EC0-301F-11D3-BF4B-00C04F79EFBC}") = "NearbyShop", "NearbyShop\NearbyShop.csproj", "{6ACC5BCD-4BDC-431F-9F5E-034266465F24}"
EndProject
Global
	GlobalSection(SolutionConfigurationPlatforms) = preSolution
		Debug|Any CPU = Debug|Any CPU
		Release|Any CPU = Release|Any CPU
	EndGlobalSection
	GlobalSection(ProjectConfigurationPlatforms) = postSolution
		{6ACC5BCD-4BDC-431F-9F5E-034266465F24}.Debug|Any CPU.ActiveCfg = Debug|Any CPU
		{6ACC5BCD-4BDC-431F-9F5E-034266465F24}.Debug|Any CPU.Build.0 = Debug|Any CPU
		{6ACC5BCD-4BDC-431F-9F5E-034266465F24}.Release|Any CPU.ActiveCfg = Release|Any CPU
		{6ACC5BCD-4BDC-431F-9F5E-034266465F24}.Release|Any CPU.Build.0 = Release|Any CPU
	EndGlobalSection
	GlobalSection(SolutionProperties) = preSolution
		HideSolutionNode = FALSE
	EndGlobalSection
	GlobalSection(ExtensibilityGlobals) = postSolution
		SolutionGuid = {740A20DF-6987-4B1D-A70C-EA9402AB57BA}
	EndGlobalSection
EndGlobal
